Microsoft Visual Studio Solution File, Format Version 12.00
# Visual Studio Version 17
VisualStudioVersion = 17.5.2.0
MinimumVisualStudioVersion = 10.0.40219.1
Project("{2150E333-8FDC-42A3-9474-1A3956D46DE8}") = "src", "src", "{827E0CD3-B72D-47B6-A68D-7590B98EB39B}"
EndProject
Project("{FAE04EC0-301F-11D3-BF4B-00C04F79EFBC}") = "loyalty_software", "src\loyalty_software\loyalty_software.csproj", "{21A75701-299E-A5F1-BD53-640FE1FA2F53}"
EndProject
Global
	GlobalSection(SolutionConfigurationPlatforms) = preSolution
		Debug|Any CPU = Debug|Any CPU
		Release|Any CPU = Release|Any CPU
	EndGlobalSection
	GlobalSection(ProjectConfigurationPlatforms) = postSolution
		{21A75701-299E-A5F1-BD53-640FE1FA2F53}.Debug|Any CPU.ActiveCfg = Debug|Any CPU
		{21A75701-299E-A5F1-BD53-640FE1FA2F53}.Debug|Any CPU.Build.0 = Debug|Any CPU
		{21A75701-299E-A5F1-BD53-640FE1FA2F53}.Release|Any CPU.ActiveCfg = Release|Any CPU
		{21A75701-299E-A5F1-BD53-640FE1FA2F53}.Release|Any CPU.Build.0 = Release|Any CPU
	EndGlobalSection
	GlobalSection(SolutionProperties) = preSolution
		HideSolutionNode = FALSE
	EndGlobalSection
	GlobalSection(NestedProjects) = preSolution
		{21A75701-299E-A5F1-BD53-640FE1FA2F53} = {827E0CD3-B72D-47B6-A68D-7590B98EB39B}
	EndGlobalSection
	GlobalSection(ExtensibilityGlobals) = postSolution
		SolutionGuid = {E28ED3FA-27A7-497E-BF30-BB1C1DF2C6A9}
	EndGlobalSection
EndGlobal
